{
  "version": "5",
  "specifiers": {
    "jsr:@std/assert@1": "1.0.11",
    "jsr:@std/internal@^1.0.5": "1.0.12"
  },
  "jsr": {
    "@std/assert@1.0.11": {
      "integrity": "2461ef3c368fe88bc60e186e7744a93112f16fd110022e113a0849e94d1c83c1",
      "dependencies": [
        "jsr:@std/internal"
      ]
    },
    "@std/internal@1.0.12": {
      "integrity": "972a634fd5bc34b242024402972cd5143eac68d8dffaca5eaa4dba30ce17b027"
    }
  },
  "workspace": {
    "dependencies": [
      "jsr:@std/assert@1"
    ]
  }
}
